// !$*UTF8*$!
{
	archiveVersion = 1;
	classes = {
	};
	objectVersion = 46;
	objects = {

/* Begin PBXBuildFile section */
		1F4E8BC91AA28B0000786417 /* Answer.swift in Sources */ = {isa = PBXBuildFile; fileRef = 1F4E8BC81AA28B0000786417 /* Answer.swift */; };
		1F6444ED1A99581400F7B996 /* Alamofire.framework in CopyFiles */ = {isa = PBXBuildFile; fileRef = 1F6444E01A99577500F7B996 /* Alamofire.framework */; settings = {ATTRIBUTES = (CodeSignOnCopy, RemoveHeadersOnCopy, ); }; };
		1F6444F11A99593C00F7B996 /* Person.swift in Sources */ = {isa = PBXBuildFile; fileRef = 1F6444F01A99593C00F7B996 /* Person.swift */; };
		1F6444F61A9959E100F7B996 /* APIManager.swift in Sources */ = {isa = PBXBuildFile; fileRef = 1F6444F51A9959E100F7B996 /* APIManager.swift */; };
		1F94A26C1A9A5E5B00BEA263 /* Question.swift in Sources */ = {isa = PBXBuildFile; fileRef = 1F94A26B1A9A5E5B00BEA263 /* Question.swift */; };
		1FA09E9B1ABF915A00C44319 /* AuthViewController.swift in Sources */ = {isa = PBXBuildFile; fileRef = 1FA09E9A1ABF915A00C44319 /* AuthViewController.swift */; };
		1FA09EA01ABF937C00C44319 /* AccountManager.swift in Sources */ = {isa = PBXBuildFile; fileRef = 1FA09E9F1ABF937C00C44319 /* AccountManager.swift */; };
		1FEFD5211A99571D007480C2 /* AppDelegate.swift in Sources */ = {isa = PBXBuildFile; fileRef = 1FEFD5201A99571D007480C2 /* AppDelegate.swift */; };
		1FEFD5231A99571D007480C2 /* ViewController.swift in Sources */ = {isa = PBXBuildFile; fileRef = 1FEFD5221A99571D007480C2 /* ViewController.swift */; };
		1FEFD5261A99571D007480C2 /* Main.storyboard in Resources */ = {isa = PBXBuildFile; fileRef = 1FEFD5241A99571D007480C2 /* Main.storyboard */; };
		1FEFD5281A99571D007480C2 /* Images.xcassets in Resources */ = {isa = PBXBuildFile; fileRef = 1FEFD5271A99571D007480C2 /* Images.xcassets */; };
		1FEFD52B1A99571D007480C2 /* LaunchScreen.xib in Resources */ = {isa = PBXBuildFile; fileRef = 1FEFD5291A99571D007480C2 /* LaunchScreen.xib */; };
		1FEFD5371A99571D007480C2 /* WaterlooAnswersTests.swift in Sources */ = {isa = PBXBuildFile; fileRef = 1FEFD5361A99571D007480C2 /* WaterlooAnswersTests.swift */; };
/* End PBXBuildFile section */

/* Begin PBXContainerItemProxy section */
		1F6444DF1A99577500F7B996 /* PBXContainerItemProxy */ = {
			isa = PBXContainerItemProxy;
			containerPortal = 1F6444D81A99577400F7B996 /* Alamofire.xcodeproj */;
			proxyType = 2;
			remoteGlobalIDString = F8111E3319A95C8B0040E7D1;
			remoteInfo = "Alamofire iOS";
		};
		1F6444E11A99577500F7B996 /* PBXContainerItemProxy */ = {
			isa = PBXContainerItemProxy;
			containerPortal = 1F6444D81A99577400F7B996 /* Alamofire.xcodeproj */;
			proxyType = 2;
			remoteGlobalIDString = 4DD67C0B1A5C55C900ED2280;
			remoteInfo = "Alamofire OSX";
		};
		1F6444E31A99577500F7B996 /* PBXContainerItemProxy */ = {
			isa = PBXContainerItemProxy;
			containerPortal = 1F6444D81A99577400F7B996 /* Alamofire.xcodeproj */;
			proxyType = 2;
			remoteGlobalIDString = F8111E3E19A95C8B0040E7D1;
			remoteInfo = "Alamofire iOS Tests";
		};
		1F6444E51A99577500F7B996 /* PBXContainerItemProxy */ = {
			isa = PBXContainerItemProxy;
			containerPortal = 1F6444D81A99577400F7B996 /* Alamofire.xcodeproj */;
			proxyType = 2;
			remoteGlobalIDString = F829C6B21A7A94F100A2CD59;
			remoteInfo = "Alamofire OSX Tests";
		};
		1F6444E91A9957C700F7B996 /* PBXContainerItemProxy */ = {
			isa = PBXContainerItemProxy;
			containerPortal = 1F6444D81A99577400F7B996 /* Alamofire.xcodeproj */;
			proxyType = 1;
			remoteGlobalIDString = F8111E3219A95C8B0040E7D1;
			remoteInfo = "Alamofire iOS";
		};
		1FEFD5311A99571D007480C2 /* PBXContainerItemProxy */ = {
			isa = PBXContainerItemProxy;
			containerPortal = 1FEFD5131A99571C007480C2 /* Project object */;
			proxyType = 1;
			remoteGlobalIDString = 1FEFD51A1A99571D007480C2;
			remoteInfo = WaterlooAnswers;
		};
/* End PBXContainerItemProxy section */

/* Begin PBXCopyFilesBuildPhase section */
		1F6444EB1A9957E400F7B996 /* CopyFiles */ = {
			isa = PBXCopyFilesBuildPhase;
			buildActionMask = 2147483647;
			dstPath = "";
			dstSubfolderSpec = 10;
			files = (
				1F6444ED1A99581400F7B996 /* Alamofire.framework in CopyFiles */,
			);
			runOnlyForDeploymentPostprocessing = 0;
		};
/* End PBXCopyFilesBuildPhase section */

/* Begin PBXFileReference section */
		1F4E8BC81AA28B0000786417 /* Answer.swift */ = {isa = PBXFileReference; fileEncoding = 4; lastKnownFileType = sourcecode.swift; path = Answer.swift; sourceTree = "<group>"; };
		1F6444D81A99577400F7B996 /* Alamofire.xcodeproj */ = {isa = PBXFileReference; lastKnownFileType = "wrapper.pb-project"; name = Alamofire.xcodeproj; path = Alamofire/Alamofire.xcodeproj; sourceTree = SOURCE_ROOT; };
		1F6444F01A99593C00F7B996 /* Person.swift */ = {isa = PBXFileReference; fileEncoding = 4; lastKnownFileType = sourcecode.swift; path = Person.swift; sourceTree = "<group>"; };
		1F6444F51A9959E100F7B996 /* APIManager.swift */ = {isa = PBXFileReference; fileEncoding = 4; lastKnownFileType = sourcecode.swift; path = APIManager.swift; sourceTree = "<group>"; };
		1F94A26B1A9A5E5B00BEA263 /* Question.swift */ = {isa = PBXFileReference; fileEncoding = 4; lastKnownFileType = sourcecode.swift; path = Question.swift; sourceTree = "<group>"; };
		1FA09E9A1ABF915A00C44319 /* AuthViewController.swift */ = {isa = PBXFileReference; fileEncoding = 4; lastKnownFileType = sourcecode.swift; path = AuthViewController.swift; sourceTree = "<group>"; };
		1FA09E9F1ABF937C00C44319 /* AccountManager.swift */ = {isa = PBXFileReference; fileEncoding = 4; lastKnownFileType = sourcecode.swift; path = AccountManager.swift; sourceTree = "<group>"; };
		1FEFD51B1A99571D007480C2 /* WaterlooAnswers.app */ = {isa = PBXFileReference; explicitFileType = wrapper.application; includeInIndex = 0; path = WaterlooAnswers.app; sourceTree = BUILT_PRODUCTS_DIR; };
		1FEFD51F1A99571D007480C2 /* Info.plist */ = {isa = PBXFileReference; lastKnownFileType = text.plist.xml; path = Info.plist; sourceTree = "<group>"; };
		1FEFD5201A99571D007480C2 /* AppDelegate.swift */ = {isa = PBXFileReference; lastKnownFileType = sourcecode.swift; path = AppDelegate.swift; sourceTree = "<group>"; };
		1FEFD5221A99571D007480C2 /* ViewController.swift */ = {isa = PBXFileReference; lastKnownFileType = sourcecode.swift; path = ViewController.swift; sourceTree = "<group>"; };
		1FEFD5251A99571D007480C2 /* Base */ = {isa = PBXFileReference; lastKnownFileType = file.storyboard; name = Base; path = Base.lproj/Main.storyboard; sourceTree = "<group>"; };
		1FEFD5271A99571D007480C2 /* Images.xcassets */ = {isa = PBXFileReference; lastKnownFileType = folder.assetcatalog; path = Images.xcassets; sourceTree = "<group>"; };
		1FEFD52A1A99571D007480C2 /* Base */ = {isa = PBXFileReference; lastKnownFileType = file.xib; name = Base; path = Base.lproj/LaunchScreen.xib; sourceTree = "<group>"; };
		1FEFD5301A99571D007480C2 /* WaterlooAnswersTests.xctest */ = {isa = PBXFileReference; explicitFileType = wrapper.cfbundle; includeInIndex = 0; path = WaterlooAnswersTests.xctest; sourceTree = BUILT_PRODUCTS_DIR; };
		1FEFD5351A99571D007480C2 /* Info.plist */ = {isa = PBXFileReference; lastKnownFileType = text.plist.xml; path = Info.plist; sourceTree = "<group>"; };
		1FEFD5361A99571D007480C2 /* WaterlooAnswersTests.swift */ = {isa = PBXFileReference; lastKnownFileType = sourcecode.swift; path = WaterlooAnswersTests.swift; sourceTree = "<group>"; };
/* End PBXFileReference section */

/* Begin PBXFrameworksBuildPhase section */
		1FEFD5181A99571D007480C2 /* Frameworks */ = {
			isa = PBXFrameworksBuildPhase;
			buildActionMask = 2147483647;
			files = (
			);
			runOnlyForDeploymentPostprocessing = 0;
		};
		1FEFD52D1A99571D007480C2 /* Frameworks */ = {
			isa = PBXFrameworksBuildPhase;
			buildActionMask = 2147483647;
			files = (
			);
			runOnlyForDeploymentPostprocessing = 0;
		};
/* End PBXFrameworksBuildPhase section */

/* Begin PBXGroup section */
		1F4E8BC41AA28AE200786417 /* Answer */ = {
			isa = PBXGroup;
			children = (
				1F4E8BC81AA28B0000786417 /* Answer.swift */,
			);
			name = Answer;
			sourceTree = "<group>";
		};
		1F6444D91A99577400F7B996 /* Products */ = {
			isa = PBXGroup;
			children = (
				1F6444E01A99577500F7B996 /* Alamofire.framework */,
				1F6444E21A99577500F7B996 /* Alamofire.framework */,
				1F6444E41A99577500F7B996 /* Alamofire iOS Tests.xctest */,
				1F6444E61A99577500F7B996 /* Alamofire OSX Tests.xctest */,
			);
			name = Products;
			sourceTree = "<group>";
		};
		1F6444E81A99578900F7B996 /* SubMod */ = {
			isa = PBXGroup;
			children = (
				1F6444D81A99577400F7B996 /* Alamofire.xcodeproj */,
			);
			name = SubMod;
			path = WaterlooAnswers;
			sourceTree = "<group>";
		};
		1F6444EE1A99587500F7B996 /* Managers */ = {
			isa = PBXGroup;
			children = (
				1F6444F51A9959E100F7B996 /* APIManager.swift */,
				1FA09E9F1ABF937C00C44319 /* AccountManager.swift */,
			);
			name = Managers;
			sourceTree = "<group>";
		};
		1F6444F81A995DB400F7B996 /* Person */ = {
			isa = PBXGroup;
			children = (
				1F6444F01A99593C00F7B996 /* Person.swift */,
			);
			name = Person;
			sourceTree = "<group>";
		};
		1F94A2671A9A5E4700BEA263 /* Question */ = {
			isa = PBXGroup;
			children = (
				1F94A26B1A9A5E5B00BEA263 /* Question.swift */,
			);
			name = Question;
			sourceTree = "<group>";
		};
		1FEFD5121A99571C007480C2 = {
			isa = PBXGroup;
			children = (
				1FEFD51D1A99571D007480C2 /* WaterlooAnswers */,
				1F6444E81A99578900F7B996 /* SubMod */,
				1FEFD5331A99571D007480C2 /* WaterlooAnswersTests */,
				1FEFD51C1A99571D007480C2 /* Products */,
			);
			sourceTree = "<group>";
		};
		1FEFD51C1A99571D007480C2 /* Products */ = {
			isa = PBXGroup;
			children = (
				1FEFD51B1A99571D007480C2 /* WaterlooAnswers.app */,
				1FEFD5301A99571D007480C2 /* WaterlooAnswersTests.xctest */,
			);
			name = Products;
			sourceTree = "<group>";
		};
		1FEFD51D1A99571D007480C2 /* WaterlooAnswers */ = {
			isa = PBXGroup;
			children = (
				1FEFD5201A99571D007480C2 /* AppDelegate.swift */,
				1F6444EE1A99587500F7B996 /* Managers */,
				1F4E8BC41AA28AE200786417 /* Answer */,
				1F6444F81A995DB400F7B996 /* Person */,
				1F94A2671A9A5E4700BEA263 /* Question */,
				1FEFD5221A99571D007480C2 /* ViewController.swift */,
				1FA09E9A1ABF915A00C44319 /* AuthViewController.swift */,
				1FEFD5271A99571D007480C2 /* Images.xcassets */,
				1FEFD51E1A99571D007480C2 /* Supporting Files */,
			);
			path = WaterlooAnswers;
			sourceTree = "<group>";
		};
		1FEFD51E1A99571D007480C2 /* Supporting Files */ = {
			isa = PBXGroup;
			children = (
				1FEFD5241A99571D007480C2 /* Main.storyboard */,
				1FEFD5291A99571D007480C2 /* LaunchScreen.xib */,
				1FEFD51F1A99571D007480C2 /* Info.plist */,
			);
			name = "Supporting Files";
			sourceTree = "<group>";
		};
		1FEFD5331A99571D007480C2 /* WaterlooAnswersTests */ = {
			isa = PBXGroup;
			children = (
				1FEFD5361A99571D007480C2 /* WaterlooAnswersTests.swift */,
				1FEFD5341A99571D007480C2 /* Supporting Files */,
			);
			path = WaterlooAnswersTests;
			sourceTree = "<group>";
		};
		1FEFD5341A99571D007480C2 /* Supporting Files */ = {
			isa = PBXGroup;
			children = (
				1FEFD5351A99571D007480C2 /* Info.plist */,
			);
			name = "Supporting Files";
			sourceTree = "<group>";
		};
/* End PBXGroup section */

/* Begin PBXNativeTarget section */
		1FEFD51A1A99571D007480C2 /* WaterlooAnswers */ = {
			isa = PBXNativeTarget;
			buildConfigurationList = 1FEFD53A1A99571D007480C2 /* Build configuration list for PBXNativeTarget "WaterlooAnswers" */;
			buildPhases = (
				1FEFD5171A99571D007480C2 /* Sources */,
				1FEFD5181A99571D007480C2 /* Frameworks */,
				1FEFD5191A99571D007480C2 /* Resources */,
				1F6444EB1A9957E400F7B996 /* CopyFiles */,
			);
			buildRules = (
			);
			dependencies = (
				1F6444EA1A9957C700F7B996 /* PBXTargetDependency */,
			);
			name = WaterlooAnswers;
			productName = WaterlooAnswers;
			productReference = 1FEFD51B1A99571D007480C2 /* WaterlooAnswers.app */;
			productType = "com.apple.product-type.application";
		};
		1FEFD52F1A99571D007480C2 /* WaterlooAnswersTests */ = {
			isa = PBXNativeTarget;
			buildConfigurationList = 1FEFD53D1A99571D007480C2 /* Build configuration list for PBXNativeTarget "WaterlooAnswersTests" */;
			buildPhases = (
				1FEFD52C1A99571D007480C2 /* Sources */,
				1FEFD52D1A99571D007480C2 /* Frameworks */,
				1FEFD52E1A99571D007480C2 /* Resources */,
			);
			buildRules = (
			);
			dependencies = (
				1FEFD5321A99571D007480C2 /* PBXTargetDependency */,
			);
			name = WaterlooAnswersTests;
			productName = WaterlooAnswersTests;
			productReference = 1FEFD5301A99571D007480C2 /* WaterlooAnswersTests.xctest */;
			productType = "com.apple.product-type.bundle.unit-test";
		};
/* End PBXNativeTarget section */

/* Begin PBXProject section */
		1FEFD5131A99571C007480C2 /* Project object */ = {
			isa = PBXProject;
			attributes = {
				LastUpgradeCheck = 0610;
				ORGANIZATIONNAME = "Hicham Abou Jaoude";
				TargetAttributes = {
					1FEFD51A1A99571D007480C2 = {
						CreatedOnToolsVersion = 6.1.1;
					};
					1FEFD52F1A99571D007480C2 = {
						CreatedOnToolsVersion = 6.1.1;
						TestTargetID = 1FEFD51A1A99571D007480C2;
					};
				};
			};
			buildConfigurationList = 1FEFD5161A99571C007480C2 /* Build configuration list for PBXProject "WaterlooAnswers" */;
			compatibilityVersion = "Xcode 3.2";
			developmentRegion = English;
			hasScannedForEncodings = 0;
			knownRegions = (
				en,
				Base,
			);
			mainGroup = 1FEFD5121A99571C007480C2;
			productRefGroup = 1FEFD51C1A99571D007480C2 /* Products */;
			projectDirPath = "";
			projectReferences = (
				{
					ProductGroup = 1F6444D91A99577400F7B996 /* Products */;
					ProjectRef = 1F6444D81A99577400F7B996 /* Alamofire.xcodeproj */;
				},
			);
			projectRoot = "";
			targets = (
				1FEFD51A1A99571D007480C2 /* WaterlooAnswers */,
				1FEFD52F1A99571D007480C2 /* WaterlooAnswersTests */,
			);
		};
/* End PBXProject section */

/* Begin PBXReferenceProxy section */
		1F6444E01A99577500F7B996 /* Alamofire.framework */ = {
			isa = PBXReferenceProxy;
			fileType = wrapper.framework;
			path = Alamofire.framework;
			remoteRef = 1F6444DF1A99577500F7B996 /* PBXContainerItemProxy */;
			sourceTree = BUILT_PRODUCTS_DIR;
		};
		1F6444E21A99577500F7B996 /* Alamofire.framework */ = {
			isa = PBXReferenceProxy;
			fileType = wrapper.framework;
			path = Alamofire.framework;
			remoteRef = 1F6444E11A99577500F7B996 /* PBXContainerItemProxy */;
			sourceTree = BUILT_PRODUCTS_DIR;
		};
		1F6444E41A99577500F7B996 /* Alamofire iOS Tests.xctest */ = {
			isa = PBXReferenceProxy;
			fileType = wrapper.cfbundle;
			path = "Alamofire iOS Tests.xctest";
			remoteRef = 1F6444E31A99577500F7B996 /* PBXContainerItemProxy */;
			sourceTree = BUILT_PRODUCTS_DIR;
		};
		1F6444E61A99577500F7B996 /* Alamofire OSX Tests.xctest */ = {
			isa = PBXReferenceProxy;
			fileType = wrapper.cfbundle;
			path = "Alamofire OSX Tests.xctest";
			remoteRef = 1F6444E51A99577500F7B996 /* PBXContainerItemProxy */;
			sourceTree = BUILT_PRODUCTS_DIR;
		};
/* End PBXReferenceProxy section */

/* Begin PBXResourcesBuildPhase section */
		1FEFD5191A99571D007480C2 /* Resources */ = {
			isa = PBXResourcesBuildPhase;
			buildActionMask = 2147483647;
			files = (
				1FEFD5261A99571D007480C2 /* Main.storyboard in Resources */,
				1FEFD52B1A99571D007480C2 /* LaunchScreen.xib in Resources */,
				1FEFD5281A99571D007480C2 /* Images.xcassets in Resources */,
			);
			runOnlyForDeploymentPostprocessing = 0;
		};
		1FEFD52E1A99571D007480C2 /* Resources */ = {
			isa = PBXResourcesBuildPhase;
			buildActionMask = 2147483647;
			files = (
			);
			runOnlyForDeploymentPostprocessing = 0;
		};
/* End PBXResourcesBuildPhase section */

/* Begin PBXSourcesBuildPhase section */
		1FEFD5171A99571D007480C2 /* Sources */ = {
			isa = PBXSourcesBuildPhase;
			buildActionMask = 2147483647;
			files = (
				1F94A26C1A9A5E5B00BEA263 /* Question.swift in Sources */,
				1F6444F61A9959E100F7B996 /* APIManager.swift in Sources */,
				1F6444F11A99593C00F7B996 /* Person.swift in Sources */,
				1FA09E9B1ABF915A00C44319 /* AuthViewController.swift in Sources */,
				1F4E8BC91AA28B0000786417 /* Answer.swift in Sources */,
				1FEFD5231A99571D007480C2 /* ViewController.swift in Sources */,
				1FEFD5211A99571D007480C2 /* AppDelegate.swift in Sources */,
				1FA09EA01ABF937C00C44319 /* AccountManager.swift in Sources */,
			);
			runOnlyForDeploymentPostprocessing = 0;
		};
		1FEFD52C1A99571D007480C2 /* Sources */ = {
			isa = PBXSourcesBuildPhase;
			buildActionMask = 2147483647;
			files = (
				1FEFD5371A99571D007480C2 /* WaterlooAnswersTests.swift in Sources */,
			);
			runOnlyForDeploymentPostprocessing = 0;
		};
/* End PBXSourcesBuildPhase section */

/* Begin PBXTargetDependency section */
		1F6444EA1A9957C700F7B996 /* PBXTargetDependency */ = {
			isa = PBXTargetDependency;
			name = "Alamofire iOS";
			targetProxy = 1F6444E91A9957C700F7B996 /* PBXContainerItemProxy */;
		};
		1FEFD5321A99571D007480C2 /* PBXTargetDependency */ = {
			isa = PBXTargetDependency;
			target = 1FEFD51A1A99571D007480C2 /* WaterlooAnswers */;
			targetProxy = 1FEFD5311A99571D007480C2 /* PBXContainerItemProxy */;
		};
/* End PBXTargetDependency section */

/* Begin PBXVariantGroup section */
		1FEFD5241A99571D007480C2 /* Main.storyboard */ = {
			isa = PBXVariantGroup;
			children = (
				1FEFD5251A99571D007480C2 /* Base */,
			);
			name = Main.storyboard;
			sourceTree = "<group>";
		};
		1FEFD5291A99571D007480C2 /* LaunchScreen.xib */ = {
			isa = PBXVariantGroup;
			children = (
				1FEFD52A1A99571D007480C2 /* Base */,
			);
			name = LaunchScreen.xib;
			sourceTree = "<group>";
		};
/* End PBXVariantGroup section */

/* Begin XCBuildConfiguration section */
		1FEFD5381A99571D007480C2 /* Debug */ = {
			isa = XCBuildConfiguration;
			buildSettings = {
				ALWAYS_SEARCH_USER_PATHS = NO;
				CLANG_CXX_LANGUAGE_STANDARD = "gnu++0x";
				CLANG_CXX_LIBRARY = "libc++";
				CLANG_ENABLE_MODULES = YES;
				CLANG_ENABLE_OBJC_ARC = YES;
				CLANG_WARN_BOOL_CONVERSION = YES;
				CLANG_WARN_CONSTANT_CONVERSION = YES;
				CLANG_WARN_DIRECT_OBJC_ISA_USAGE = YES_ERROR;
				CLANG_WARN_EMPTY_BODY = YES;
				CLANG_WARN_ENUM_CONVERSION = YES;
				CLANG_WARN_INT_CONVERSION = YES;
				CLANG_WARN_OBJC_ROOT_CLASS = YES_ERROR;
				CLANG_WARN_UNREACHABLE_CODE = YES;
				CLANG_WARN__DUPLICATE_METHOD_MATCH = YES;
				"CODE_SIGN_IDENTITY[sdk=iphoneos*]" = "iPhone Developer";
				COPY_PHASE_STRIP = NO;
				ENABLE_STRICT_OBJC_MSGSEND = YES;
				GCC_C_LANGUAGE_STANDARD = gnu99;
				GCC_DYNAMIC_NO_PIC = NO;
				GCC_OPTIMIZATION_LEVEL = 0;
				GCC_PREPROCESSOR_DEFINITIONS = (
					"DEBUG=1",
					"$(inherited)",
				);
				GCC_SYMBOLS_PRIVATE_EXTERN = NO;
				GCC_WARN_64_TO_32_BIT_CONVERSION = YES;
				GCC_WARN_ABOUT_RETURN_TYPE = YES_ERROR;
				GCC_WARN_UNDECLARED_SELECTOR = YES;
				GCC_WARN_UNINITIALIZED_AUTOS = YES_AGGRESSIVE;
				GCC_WARN_UNUSED_FUNCTION = YES;
				GCC_WARN_UNUSED_VARIABLE = YES;
				IPHONEOS_DEPLOYMENT_TARGET = 8.1;
				MTL_ENABLE_DEBUG_INFO = YES;
				ONLY_ACTIVE_ARCH = YES;
				SDKROOT = iphoneos;
				SWIFT_OPTIMIZATION_LEVEL = "-Onone";
			};
			name = Debug;
		};
		1FEFD5391A99571D007480C2 /* Release */ = {
			isa = XCBuildConfiguration;
			buildSettings = {
				ALWAYS_SEARCH_USER_PATHS = NO;
				CLANG_CXX_LANGUAGE_STANDARD = "gnu++0x";
				CLANG_CXX_LIBRARY = "libc++";
				CLANG_ENABLE_MODULES = YES;
				CLANG_ENABLE_OBJC_ARC = YES;
				CLANG_WARN_BOOL_CONVERSION = YES;
				CLANG_WARN_CONSTANT_CONVERSION = YES;
				CLANG_WARN_DIRECT_OBJC_ISA_USAGE = YES_ERROR;
				CLANG_WARN_EMPTY_BODY = YES;
				CLANG_WARN_ENUM_CONVERSION = YES;
				CLANG_WARN_INT_CONVERSION = YES;
				CLANG_WARN_OBJC_ROOT_CLASS = YES_ERROR;
				CLANG_WARN_UNREACHABLE_CODE = YES;
				CLANG_WARN__DUPLICATE_METHOD_MATCH = YES;
				"CODE_SIGN_IDENTITY[sdk=iphoneos*]" = "iPhone Developer";
				COPY_PHASE_STRIP = YES;
				ENABLE_NS_ASSERTIONS = NO;
				ENABLE_STRICT_OBJC_MSGSEND = YES;
				GCC_C_LANGUAGE_STANDARD = gnu99;
				GCC_WARN_64_TO_32_BIT_CONVERSION = YES;
				GCC_WARN_ABOUT_RETURN_TYPE = YES_ERROR;
				GCC_WARN_UNDECLARED_SELECTOR = YES;
				GCC_WARN_UNINITIALIZED_AUTOS = YES_AGGRESSIVE;
				GCC_WARN_UNUSED_FUNCTION = YES;
				GCC_WARN_UNUSED_VARIABLE = YES;
				IPHONEOS_DEPLOYMENT_TARGET = 8.1;
				MTL_ENABLE_DEBUG_INFO = NO;
				SDKROOT = iphoneos;
				VALIDATE_PRODUCT = YES;
			};
			name = Release;
		};
		1FEFD53B1A99571D007480C2 /* Debug */ = {
			isa = XCBuildConfiguration;
			buildSettings = {
				ASSETCATALOG_COMPILER_APPICON_NAME = AppIcon;
				INFOPLIST_FILE = WaterlooAnswers/Info.plist;
				IPHONEOS_DEPLOYMENT_TARGET = 8.0;
				LD_RUNPATH_SEARCH_PATHS = "$(inherited) @executable_path/Frameworks";
				PRODUCT_NAME = "$(TARGET_NAME)";
			};
			name = Debug;
		};
		1FEFD53C1A99571D007480C2 /* Release */ = {
			isa = XCBuildConfiguration;
			buildSettings = {
				ASSETCATALOG_COMPILER_APPICON_NAME = AppIcon;
				INFOPLIST_FILE = WaterlooAnswers/Info.plist;
				IPHONEOS_DEPLOYMENT_TARGET = 8.0;
				LD_RUNPATH_SEARCH_PATHS = "$(inherited) @executable_path/Frameworks";
				PRODUCT_NAME = "$(TARGET_NAME)";
			};
			name = Release;
		};
		1FEFD53E1A99571D007480C2 /* Debug */ = {
			isa = XCBuildConfiguration;
			buildSettings = {
				BUNDLE_LOADER = "$(TEST_HOST)";
				FRAMEWORK_SEARCH_PATHS = (
					"$(SDKROOT)/Developer/Library/Frameworks",
					"$(inherited)",
				);
				GCC_PREPROCESSOR_DEFINITIONS = (
					"DEBUG=1",
					"$(inherited)",
				);
				INFOPLIST_FILE = WaterlooAnswersTests/Info.plist;
				LD_RUNPATH_SEARCH_PATHS = "$(inherited) @executable_path/Frameworks @loader_path/Frameworks";
				PRODUCT_NAME = "$(TARGET_NAME)";
				TEST_HOST = "$(BUILT_PRODUCTS_DIR)/WaterlooAnswers.app/WaterlooAnswers";
			};
			name = Debug;
		};
		1FEFD53F1A99571D007480C2 /* Release */ = {
			isa = XCBuildConfiguration;
			buildSettings = {
				BUNDLE_LOADER = "$(TEST_HOST)";
				FRAMEWORK_SEARCH_PATHS = (
					"$(SDKROOT)/Developer/Library/Frameworks",
					"$(inherited)",
				);
				INFOPLIST_FILE = WaterlooAnswersTests/Info.plist;
				LD_RUNPATH_SEARCH_PATHS = "$(inherited) @executable_path/Frameworks @loader_path/Frameworks";
				PRODUCT_NAME = "$(TARGET_NAME)";
				TEST_HOST = "$(BUILT_PRODUCTS_DIR)/WaterlooAnswers.app/WaterlooAnswers";
			};
			name = Release;
		};
/* End XCBuildConfiguration section */

/* Begin XCConfigurationList section */
		1FEFD5161A99571C007480C2 /* Build configuration list for PBXProject "WaterlooAnswers" */ = {
			isa = XCConfigurationList;
			buildConfigurations = (
				1FEFD5381A99571D007480C2 /* Debug */,
				1FEFD5391A99571D007480C2 /* Release */,
			);
			defaultConfigurationIsVisible = 0;
			defaultConfigurationName = Release;
		};
		1FEFD53A1A99571D007480C2 /* Build configuration list for PBXNativeTarget "WaterlooAnswers" */ = {
			isa = XCConfigurationList;
			buildConfigurations = (
				1FEFD53B1A99571D007480C2 /* Debug */,
				1FEFD53C1A99571D007480C2 /* Release */,
			);
			defaultConfigurationIsVisible = 0;
			defaultConfigurationName = Release;
		};
		1FEFD53D1A99571D007480C2 /* Build configuration list for PBXNativeTarget "WaterlooAnswersTests" */ = {
			isa = XCConfigurationList;
			buildConfigurations = (
				1FEFD53E1A99571D007480C2 /* Debug */,
				1FEFD53F1A99571D007480C2 /* Release */,
			);
			defaultConfigurationIsVisible = 0;
			defaultConfigurationName = Release;
		};
/* End XCConfigurationList section */
	};
	rootObject = 1FEFD5131A99571C007480C2 /* Project object */;
}
